
Microsoft Visual Studio Solution File, Format Version 12.00
# Visual Studio 2013
VisualStudioVersion = 12.0.40629.0
MinimumVisualStudioVersion = 10.0.40219.1
Project("{FAE04EC0-301F-11D3-BF4B-00C04F79EFBC}") = "ElPlat_PaymentsPlugin.PaymentsPlugin", "GM_PaymentsPlugin.PaymentsPlugin\ElPlat_PaymentsPlugin.PaymentsPlugin.csproj", "{1D033B88-A85F-4E5A-A03E-9B720A3125B1}"
EndProject
Project("{FAE04EC0-301F-11D3-BF4B-00C04F79EFBC}") = "ElPlat_PaymentsPlugin.DataLayer", "GM_PaymentsPlugin.DataLayer\ElPlat_PaymentsPlugin.DataLayer.csproj", "{4CAF8F20-BE26-4F32-8F4A-DD1D126A60A5}"
EndProject
Project("{FAE04EC0-301F-11D3-BF4B-00C04F79EFBC}") = "_TestHostApp", "_TestHostApp\_TestHostApp.csproj", "{D1A58A90-C1E5-4DA2-8D1E-6F4C89004972}"
EndProject
Project("{FAE04EC0-301F-11D3-BF4B-00C04F79EFBC}") = "ElPlat_PaymentsPlugin.Forms", "GM_PaymentsPlugin.Forms\ElPlat_PaymentsPlugin.Forms.csproj", "{1DB04D61-8B47-45B0-9620-D0CBE3BB4130}"
EndProject
Global
	GlobalSection(SolutionConfigurationPlatforms) = preSolution
		Debug|Any CPU = Debug|Any CPU
		Release|Any CPU = Release|Any CPU
	EndGlobalSection
	GlobalSection(ProjectConfigurationPlatforms) = postSolution
		{1D033B88-A85F-4E5A-A03E-9B720A3125B1}.Debug|Any CPU.ActiveCfg = Debug|Any CPU
		{1D033B88-A85F-4E5A-A03E-9B720A3125B1}.Debug|Any CPU.Build.0 = Debug|Any CPU
		{1D033B88-A85F-4E5A-A03E-9B720A3125B1}.Release|Any CPU.ActiveCfg = Release|Any CPU
		{1D033B88-A85F-4E5A-A03E-9B720A3125B1}.Release|Any CPU.Build.0 = Release|Any CPU
		{4CAF8F20-BE26-4F32-8F4A-DD1D126A60A5}.Debug|Any CPU.ActiveCfg = Debug|Any CPU
		{4CAF8F20-BE26-4F32-8F4A-DD1D126A60A5}.Debug|Any CPU.Build.0 = Debug|Any CPU
		{4CAF8F20-BE26-4F32-8F4A-DD1D126A60A5}.Release|Any CPU.ActiveCfg = Release|Any CPU
		{4CAF8F20-BE26-4F32-8F4A-DD1D126A60A5}.Release|Any CPU.Build.0 = Release|Any CPU
		{D1A58A90-C1E5-4DA2-8D1E-6F4C89004972}.Debug|Any CPU.ActiveCfg = Debug|Any CPU
		{D1A58A90-C1E5-4DA2-8D1E-6F4C89004972}.Debug|Any CPU.Build.0 = Debug|Any CPU
		{D1A58A90-C1E5-4DA2-8D1E-6F4C89004972}.Release|Any CPU.ActiveCfg = Release|Any CPU
		{D1A58A90-C1E5-4DA2-8D1E-6F4C89004972}.Release|Any CPU.Build.0 = Release|Any CPU
		{1DB04D61-8B47-45B0-9620-D0CBE3BB4130}.Debug|Any CPU.ActiveCfg = Debug|Any CPU
		{1DB04D61-8B47-45B0-9620-D0CBE3BB4130}.Debug|Any CPU.Build.0 = Debug|Any CPU
		{1DB04D61-8B47-45B0-9620-D0CBE3BB4130}.Release|Any CPU.ActiveCfg = Release|Any CPU
		{1DB04D61-8B47-45B0-9620-D0CBE3BB4130}.Release|Any CPU.Build.0 = Release|Any CPU
	EndGlobalSection
	GlobalSection(SolutionProperties) = preSolution
		HideSolutionNode = FALSE
	EndGlobalSection
EndGlobal
